<?xml version="1.0" encoding="utf-8"?>
<Project ToolsVersion="4.0" xmlns="http://schemas.microsoft.com/developer/msbuild/2003">
  <ItemGroup>
    <Filter Include="LinkedList">
      <UniqueIdentifier>{31fe6e0c-78d0-4311-863c-2cca3bc4dea7}</UniqueIdentifier>
    </Filter>
    <Filter Include="BinaryTree">
      <UniqueIdentifier>{6feffd75-bb83-4a7a-bfdd-d0018f55b6e4}</UniqueIdentifier>
    </Filter>
    <Filter Include="BinarySearch">
      <UniqueIdentifier>{7a0670d6-8445-4f20-9b6f-1711cd72d836}</UniqueIdentifier>
    </Filter>
    <Filter Include="QuickSort">
      <UniqueIdentifier>{7882444d-0789-4e38-b249-0873381f6642}</UniqueIdentifier>
    </Filter>
    <Filter Include="Heap">
      <UniqueIdentifier>{125de077-f90e-4a13-857e-52eff1600da1}</UniqueIdentifier>
    </Filter>
    <Filter Include="CountingSort">
      <UniqueIdentifier>{9edb4d85-f04c-4bfb-9869-b65e2aa5ce4f}</UniqueIdentifier>
    </Filter>
  </ItemGroup>
  <ItemGroup>
    <ClCompile Include="bintree_search.cpp">
      <Filter>BinaryTree</Filter>
    </ClCompile>
    <ClCompile Include="quicksort.cpp">
      <Filter>QuickSort</Filter>
    </ClCompile>
    <ClCompile Include="Algorithms.cpp" />
  </ItemGroup>
  <ItemGroup>
    <ClInclude Include="linkedlist.h">
      <Filter>LinkedList</Filter>
    </ClInclude>
    <ClInclude Include="bst.h">
      <Filter>BinaryTree</Filter>
    </ClInclude>
    <ClInclude Include="tree_defs.h">
      <Filter>BinaryTree</Filter>
    </ClInclude>
    <ClInclude Include="bintree_search.h">
      <Filter>BinaryTree</Filter>
    </ClInclude>
    <ClInclude Include="binarytree.h">
      <Filter>BinaryTree</Filter>
    </ClInclude>
    <ClInclude Include="binarySearch.h">
      <Filter>BinarySearch</Filter>
    </ClInclude>
    <ClInclude Include="quicksort.h">
      <Filter>QuickSort</Filter>
    </ClInclude>
    <ClInclude Include="heap.h">
      <Filter>Heap</Filter>
    </ClInclude>
    <ClInclude Include="CountingSort.h">
      <Filter>CountingSort</Filter>
    </ClInclude>
  </ItemGroup>
</Project>