
Microsoft Visual Studio Solution File, Format Version 11.00
# Visual Studio 2010
Project("{8BC9CEB8-8B4A-11D0-8D11-00A0C91BC942}") = "red_black_tree", "red_black_tree.vcxproj", "{42E06EA4-D0BC-4E27-B2EC-0E15B5668505}"
EndProject
Global
	GlobalSection(SolutionConfigurationPlatforms) = preSolution
		Debug|Win32 = Debug|Win32
		Release|Win32 = Release|Win32
	EndGlobalSection
	GlobalSection(ProjectConfigurationPlatforms) = postSolution
		{42E06EA4-D0BC-4E27-B2EC-0E15B5668505}.Debug|Win32.ActiveCfg = Debug|Win32
		{42E06EA4-D0BC-4E27-B2EC-0E15B5668505}.Debug|Win32.Build.0 = Debug|Win32
		{42E06EA4-D0BC-4E27-B2EC-0E15B5668505}.Release|Win32.ActiveCfg = Release|Win32
		{42E06EA4-D0BC-4E27-B2EC-0E15B5668505}.Release|Win32.Build.0 = Release|Win32
	EndGlobalSection
	GlobalSection(SolutionProperties) = preSolution
		HideSolutionNode = FALSE
	EndGlobalSection
EndGlobal
